
Microsoft Visual Studio Solution File, Format Version 12.00
# Visual Studio Version 16
VisualStudioVersion = 16.0.30523.141
MinimumVisualStudioVersion = 10.0.40219.1
Project("{9A19103F-16F7-4668-BE54-9A1E7A4F7556}") = "CarTestTask", "CarTestTask\CarTestTask.csproj", "{B3CDCBEF-CB7F-45B2-A788-590403DDABDE}"
EndProject
Project("{9A19103F-16F7-4668-BE54-9A1E7A4F7556}") = "CarTestTask.Tests", "CarTestTasks.Tests\CarTestTask.Tests.csproj", "{4DD00C8C-7A80-4CB8-884C-92A1602DC50E}"
EndProject
Global
	GlobalSection(SolutionConfigurationPlatforms) = preSolution
		Debug|Any CPU = Debug|Any CPU
		Release|Any CPU = Release|Any CPU
	EndGlobalSection
	GlobalSection(ProjectConfigurationPlatforms) = postSolution
		{B3CDCBEF-CB7F-45B2-A788-590403DDABDE}.Debug|Any CPU.ActiveCfg = Debug|Any CPU
		{B3CDCBEF-CB7F-45B2-A788-590403DDABDE}.Debug|Any CPU.Build.0 = Debug|Any CPU
		{B3CDCBEF-CB7F-45B2-A788-590403DDABDE}.Release|Any CPU.ActiveCfg = Release|Any CPU
		{B3CDCBEF-CB7F-45B2-A788-590403DDABDE}.Release|Any CPU.Build.0 = Release|Any CPU
		{4DD00C8C-7A80-4CB8-884C-92A1602DC50E}.Debug|Any CPU.ActiveCfg = Debug|Any CPU
		{4DD00C8C-7A80-4CB8-884C-92A1602DC50E}.Debug|Any CPU.Build.0 = Debug|Any CPU
		{4DD00C8C-7A80-4CB8-884C-92A1602DC50E}.Release|Any CPU.ActiveCfg = Release|Any CPU
		{4DD00C8C-7A80-4CB8-884C-92A1602DC50E}.Release|Any CPU.Build.0 = Release|Any CPU
	EndGlobalSection
	GlobalSection(SolutionProperties) = preSolution
		HideSolutionNode = FALSE
	EndGlobalSection
	GlobalSection(ExtensibilityGlobals) = postSolution
		SolutionGuid = {64981E2E-2181-4D02-874A-EF1AA70D914F}
	EndGlobalSection
EndGlobal
